// !$*UTF8*$!
{
	archiveVersion = 1;
	classes = {
	};
	objectVersion = 46;
	objects = {

/* Begin PBXBuildFile section */
		8400123A1C21D08900D29D63 /* Model2To3.xcmappingmodel in Sources */ = {isa = PBXBuildFile; fileRef = 840012391C21D08900D29D63 /* Model2To3.xcmappingmodel */; };
		8400123D1C21D1B900D29D63 /* MigationCountry2ToCountry3.m in Sources */ = {isa = PBXBuildFile; fileRef = 8400123C1C21D1B900D29D63 /* MigationCountry2ToCountry3.m */; };
		840012481C21D6FD00D29D63 /* Region+CoreDataProperties.m in Sources */ = {isa = PBXBuildFile; fileRef = 840012431C21D6FD00D29D63 /* Region+CoreDataProperties.m */; };
		840012491C21D6FD00D29D63 /* Region.m in Sources */ = {isa = PBXBuildFile; fileRef = 840012451C21D6FD00D29D63 /* Region.m */; };
		840012601C21DC3E00D29D63 /* Country+CoreDataProperties.m in Sources */ = {isa = PBXBuildFile; fileRef = 8400125D1C21DC3E00D29D63 /* Country+CoreDataProperties.m */; };
		840012611C21DC3E00D29D63 /* Country.m in Sources */ = {isa = PBXBuildFile; fileRef = 8400125F1C21DC3E00D29D63 /* Country.m */; };
		84062F3F1C2867F30064529C /* MapViewController.m in Sources */ = {isa = PBXBuildFile; fileRef = 84062F3E1C2867F30064529C /* MapViewController.m */; };
		84062F421C28687A0064529C /* Country+Annotation.m in Sources */ = {isa = PBXBuildFile; fileRef = 84062F411C28687A0064529C /* Country+Annotation.m */; };
		84062F451C286F120064529C /* CountryViewController.m in Sources */ = {isa = PBXBuildFile; fileRef = 84062F441C286F120064529C /* CountryViewController.m */; };
		84062F481C28765B0064529C /* CountryMapViewController.m in Sources */ = {isa = PBXBuildFile; fileRef = 84062F471C28765B0064529C /* CountryMapViewController.m */; };
		8437AB491C1891F4008D6DD9 /* main.m in Sources */ = {isa = PBXBuildFile; fileRef = 8437AB481C1891F4008D6DD9 /* main.m */; };
		8437AB4C1C1891F4008D6DD9 /* AppDelegate.m in Sources */ = {isa = PBXBuildFile; fileRef = 8437AB4B1C1891F4008D6DD9 /* AppDelegate.m */; };
		8437AB521C1891F4008D6DD9 /* Main.storyboard in Resources */ = {isa = PBXBuildFile; fileRef = 8437AB501C1891F4008D6DD9 /* Main.storyboard */; };
		8437AB551C1891F4008D6DD9 /* CoreDataExample.xcdatamodeld in Sources */ = {isa = PBXBuildFile; fileRef = 8437AB531C1891F4008D6DD9 /* CoreDataExample.xcdatamodeld */; };
		8437AB571C1891F4008D6DD9 /* Assets.xcassets in Resources */ = {isa = PBXBuildFile; fileRef = 8437AB561C1891F4008D6DD9 /* Assets.xcassets */; };
		8437AB5A1C1891F4008D6DD9 /* LaunchScreen.storyboard in Resources */ = {isa = PBXBuildFile; fileRef = 8437AB581C1891F4008D6DD9 /* LaunchScreen.storyboard */; };
		8437AB721C189A38008D6DD9 /* TextFieldCell.m in Sources */ = {isa = PBXBuildFile; fileRef = 8437AB711C189A38008D6DD9 /* TextFieldCell.m */; };
		8437AB751C189ADB008D6DD9 /* CreateCountryController.m in Sources */ = {isa = PBXBuildFile; fileRef = 8437AB741C189ADB008D6DD9 /* CreateCountryController.m */; };
		8437AB781C18A069008D6DD9 /* CountryListController.m in Sources */ = {isa = PBXBuildFile; fileRef = 8437AB771C18A069008D6DD9 /* CountryListController.m */; };
		8437AB7B1C19DD16008D6DD9 /* CityListController.m in Sources */ = {isa = PBXBuildFile; fileRef = 8437AB7A1C19DD16008D6DD9 /* CityListController.m */; };
		8437AB7F1C19DF41008D6DD9 /* AppDelegate+CoreData.m in Sources */ = {isa = PBXBuildFile; fileRef = 8437AB7E1C19DF41008D6DD9 /* AppDelegate+CoreData.m */; };
		8437AB821C19E418008D6DD9 /* NSManagedObjectContext+MainContext.m in Sources */ = {isa = PBXBuildFile; fileRef = 8437AB811C19E418008D6DD9 /* NSManagedObjectContext+MainContext.m */; };
		8437AB851C19E560008D6DD9 /* NSManagedObject+CoreData.m in Sources */ = {isa = PBXBuildFile; fileRef = 8437AB841C19E560008D6DD9 /* NSManagedObject+CoreData.m */; };
		8437AB881C19F553008D6DD9 /* FetchedTableViewController.m in Sources */ = {isa = PBXBuildFile; fileRef = 8437AB871C19F553008D6DD9 /* FetchedTableViewController.m */; };
		84EC4D111C1F2B1500860DF9 /* City+CoreDataProperties.m in Sources */ = {isa = PBXBuildFile; fileRef = 84EC4D0C1C1F2B1500860DF9 /* City+CoreDataProperties.m */; };
		84EC4D121C1F2B1500860DF9 /* City.m in Sources */ = {isa = PBXBuildFile; fileRef = 84EC4D0E1C1F2B1500860DF9 /* City.m */; };
		84EC4D161C1F309700860DF9 /* CountryAPI.m in Sources */ = {isa = PBXBuildFile; fileRef = 84EC4D151C1F309700860DF9 /* CountryAPI.m */; };
		84EC4D191C1F3FF800860DF9 /* Country+Mapping.m in Sources */ = {isa = PBXBuildFile; fileRef = 84EC4D181C1F3FF800860DF9 /* Country+Mapping.m */; };
/* End PBXBuildFile section */

/* Begin PBXFileReference section */
		840012381C21CF9400D29D63 /* CoreDataExample 3.xcdatamodel */ = {isa = PBXFileReference; lastKnownFileType = wrapper.xcdatamodel; path = "CoreDataExample 3.xcdatamodel"; sourceTree = "<group>"; };
		840012391C21D08900D29D63 /* Model2To3.xcmappingmodel */ = {isa = PBXFileReference; lastKnownFileType = wrapper.xcmappingmodel; path = Model2To3.xcmappingmodel; sourceTree = "<group>"; };
		8400123B1C21D1B900D29D63 /* MigationCountry2ToCountry3.h */ = {isa = PBXFileReference; fileEncoding = 4; lastKnownFileType = sourcecode.c.h; path = MigationCountry2ToCountry3.h; sourceTree = "<group>"; };
		8400123C1C21D1B900D29D63 /* MigationCountry2ToCountry3.m */ = {isa = PBXFileReference; fileEncoding = 4; lastKnownFileType = sourcecode.c.objc; path = MigationCountry2ToCountry3.m; sourceTree = "<group>"; };
		840012421C21D6FD00D29D63 /* Region+CoreDataProperties.h */ = {isa = PBXFileReference; fileEncoding = 4; lastKnownFileType = sourcecode.c.h; path = "Region+CoreDataProperties.h"; sourceTree = "<group>"; };
		840012431C21D6FD00D29D63 /* Region+CoreDataProperties.m */ = {isa = PBXFileReference; fileEncoding = 4; lastKnownFileType = sourcecode.c.objc; path = "Region+CoreDataProperties.m"; sourceTree = "<group>"; };
		840012441C21D6FD00D29D63 /* Region.h */ = {isa = PBXFileReference; fileEncoding = 4; lastKnownFileType = sourcecode.c.h; path = Region.h; sourceTree = "<group>"; };
		840012451C21D6FD00D29D63 /* Region.m */ = {isa = PBXFileReference; fileEncoding = 4; lastKnownFileType = sourcecode.c.objc; path = Region.m; sourceTree = "<group>"; };
		8400125C1C21DC3E00D29D63 /* Country+CoreDataProperties.h */ = {isa = PBXFileReference; fileEncoding = 4; lastKnownFileType = sourcecode.c.h; path = "Country+CoreDataProperties.h"; sourceTree = "<group>"; };
		8400125D1C21DC3E00D29D63 /* Country+CoreDataProperties.m */ = {isa = PBXFileReference; fileEncoding = 4; lastKnownFileType = sourcecode.c.objc; path = "Country+CoreDataProperties.m"; sourceTree = "<group>"; };
		8400125E1C21DC3E00D29D63 /* Country.h */ = {isa = PBXFileReference; fileEncoding = 4; lastKnownFileType = sourcecode.c.h; path = Country.h; sourceTree = "<group>"; };
		8400125F1C21DC3E00D29D63 /* Country.m */ = {isa = PBXFileReference; fileEncoding = 4; lastKnownFileType = sourcecode.c.objc; path = Country.m; sourceTree = "<group>"; };
		84062F3D1C2867F30064529C /* MapViewController.h */ = {isa = PBXFileReference; fileEncoding = 4; lastKnownFileType = sourcecode.c.h; name = MapViewController.h; path = Controllers/MapViewController.h; sourceTree = "<group>"; };
		84062F3E1C2867F30064529C /* MapViewController.m */ = {isa = PBXFileReference; fileEncoding = 4; lastKnownFileType = sourcecode.c.objc; name = MapViewController.m; path = Controllers/MapViewController.m; sourceTree = "<group>"; };
		84062F401C28687A0064529C /* Country+Annotation.h */ = {isa = PBXFileReference; fileEncoding = 4; lastKnownFileType = sourcecode.c.h; path = "Country+Annotation.h"; sourceTree = "<group>"; };
		84062F411C28687A0064529C /* Country+Annotation.m */ = {isa = PBXFileReference; fileEncoding = 4; lastKnownFileType = sourcecode.c.objc; path = "Country+Annotation.m"; sourceTree = "<group>"; };
		84062F431C286F120064529C /* CountryViewController.h */ = {isa = PBXFileReference; fileEncoding = 4; lastKnownFileType = sourcecode.c.h; name = CountryViewController.h; path = Controllers/CountryViewController.h; sourceTree = "<group>"; };
		84062F441C286F120064529C /* CountryViewController.m */ = {isa = PBXFileReference; fileEncoding = 4; lastKnownFileType = sourcecode.c.objc; name = CountryViewController.m; path = Controllers/CountryViewController.m; sourceTree = "<group>"; };
		84062F461C28765B0064529C /* CountryMapViewController.h */ = {isa = PBXFileReference; fileEncoding = 4; lastKnownFileType = sourcecode.c.h; name = CountryMapViewController.h; path = Controllers/CountryMapViewController.h; sourceTree = "<group>"; };
		84062F471C28765B0064529C /* CountryMapViewController.m */ = {isa = PBXFileReference; fileEncoding = 4; lastKnownFileType = sourcecode.c.objc; name = CountryMapViewController.m; path = Controllers/CountryMapViewController.m; sourceTree = "<group>"; };
		8437AB441C1891F4008D6DD9 /* CoreDataExample.app */ = {isa = PBXFileReference; explicitFileType = wrapper.application; includeInIndex = 0; path = CoreDataExample.app; sourceTree = BUILT_PRODUCTS_DIR; };
		8437AB481C1891F4008D6DD9 /* main.m */ = {isa = PBXFileReference; lastKnownFileType = sourcecode.c.objc; path = main.m; sourceTree = "<group>"; };
		8437AB4A1C1891F4008D6DD9 /* AppDelegate.h */ = {isa = PBXFileReference; lastKnownFileType = sourcecode.c.h; path = AppDelegate.h; sourceTree = "<group>"; };
		8437AB4B1C1891F4008D6DD9 /* AppDelegate.m */ = {isa = PBXFileReference; lastKnownFileType = sourcecode.c.objc; path = AppDelegate.m; sourceTree = "<group>"; };
		8437AB511C1891F4008D6DD9 /* Base */ = {isa = PBXFileReference; lastKnownFileType = file.storyboard; name = Base; path = Base.lproj/Main.storyboard; sourceTree = "<group>"; };
		8437AB541C1891F4008D6DD9 /* CoreDataExample.xcdatamodel */ = {isa = PBXFileReference; lastKnownFileType = wrapper.xcdatamodel; path = CoreDataExample.xcdatamodel; sourceTree = "<group>"; };
		8437AB561C1891F4008D6DD9 /* Assets.xcassets */ = {isa = PBXFileReference; lastKnownFileType = folder.assetcatalog; path = Assets.xcassets; sourceTree = "<group>"; };
		8437AB591C1891F4008D6DD9 /* Base */ = {isa = PBXFileReference; lastKnownFileType = file.storyboard; name = Base; path = Base.lproj/LaunchScreen.storyboard; sourceTree = "<group>"; };
		8437AB5B1C1891F4008D6DD9 /* Info.plist */ = {isa = PBXFileReference; lastKnownFileType = text.plist.xml; path = Info.plist; sourceTree = "<group>"; };
		8437AB701C189A38008D6DD9 /* TextFieldCell.h */ = {isa = PBXFileReference; fileEncoding = 4; lastKnownFileType = sourcecode.c.h; name = TextFieldCell.h; path = Cells/TextFieldCell.h; sourceTree = "<group>"; };
		8437AB711C189A38008D6DD9 /* TextFieldCell.m */ = {isa = PBXFileReference; fileEncoding = 4; lastKnownFileType = sourcecode.c.objc; name = TextFieldCell.m; path = Cells/TextFieldCell.m; sourceTree = "<group>"; };
		8437AB731C189ADB008D6DD9 /* CreateCountryController.h */ = {isa = PBXFileReference; fileEncoding = 4; lastKnownFileType = sourcecode.c.h; name = CreateCountryController.h; path = Controllers/CreateCountryController.h; sourceTree = "<group>"; };
		8437AB741C189ADB008D6DD9 /* CreateCountryController.m */ = {isa = PBXFileReference; fileEncoding = 4; lastKnownFileType = sourcecode.c.objc; name = CreateCountryController.m; path = Controllers/CreateCountryController.m; sourceTree = "<group>"; };
		8437AB761C18A069008D6DD9 /* CountryListController.h */ = {isa = PBXFileReference; fileEncoding = 4; lastKnownFileType = sourcecode.c.h; name = CountryListController.h; path = Controllers/CountryListController.h; sourceTree = "<group>"; };
		8437AB771C18A069008D6DD9 /* CountryListController.m */ = {isa = PBXFileReference; fileEncoding = 4; lastKnownFileType = sourcecode.c.objc; name = CountryListController.m; path = Controllers/CountryListController.m; sourceTree = "<group>"; };
		8437AB791C19DD16008D6DD9 /* CityListController.h */ = {isa = PBXFileReference; fileEncoding = 4; lastKnownFileType = sourcecode.c.h; name = CityListController.h; path = Controllers/CityListController.h; sourceTree = "<group>"; };
		8437AB7A1C19DD16008D6DD9 /* CityListController.m */ = {isa = PBXFileReference; fileEncoding = 4; lastKnownFileType = sourcecode.c.objc; name = CityListController.m; path = Controllers/CityListController.m; sourceTree = "<group>"; };
		8437AB7D1C19DF41008D6DD9 /* AppDelegate+CoreData.h */ = {isa = PBXFileReference; fileEncoding = 4; lastKnownFileType = sourcecode.c.h; name = "AppDelegate+CoreData.h"; path = "Core Data/AppDelegate+CoreData.h"; sourceTree = "<group>"; };
		8437AB7E1C19DF41008D6DD9 /* AppDelegate+CoreData.m */ = {isa = PBXFileReference; fileEncoding = 4; lastKnownFileType = sourcecode.c.objc; name = "AppDelegate+CoreData.m"; path = "Core Data/AppDelegate+CoreData.m"; sourceTree = "<group>"; };
		8437AB801C19E418008D6DD9 /* NSManagedObjectContext+MainContext.h */ = {isa = PBXFileReference; fileEncoding = 4; lastKnownFileType = sourcecode.c.h; name = "NSManagedObjectContext+MainContext.h"; path = "Core Data/NSManagedObjectContext+MainContext.h"; sourceTree = "<group>"; };
		8437AB811C19E418008D6DD9 /* NSManagedObjectContext+MainContext.m */ = {isa = PBXFileReference; fileEncoding = 4; lastKnownFileType = sourcecode.c.objc; name = "NSManagedObjectContext+MainContext.m"; path = "Core Data/NSManagedObjectContext+MainContext.m"; sourceTree = "<group>"; };
		8437AB831C19E560008D6DD9 /* NSManagedObject+CoreData.h */ = {isa = PBXFileReference; fileEncoding = 4; lastKnownFileType = sourcecode.c.h; name = "NSManagedObject+CoreData.h"; path = "Core Data/NSManagedObject+CoreData.h"; sourceTree = "<group>"; };
		8437AB841C19E560008D6DD9 /* NSManagedObject+CoreData.m */ = {isa = PBXFileReference; fileEncoding = 4; lastKnownFileType = sourcecode.c.objc; name = "NSManagedObject+CoreData.m"; path = "Core Data/NSManagedObject+CoreData.m"; sourceTree = "<group>"; };
		8437AB861C19F553008D6DD9 /* FetchedTableViewController.h */ = {isa = PBXFileReference; fileEncoding = 4; lastKnownFileType = sourcecode.c.h; name = FetchedTableViewController.h; path = Controllers/FetchedTableViewController.h; sourceTree = "<group>"; };
		8437AB871C19F553008D6DD9 /* FetchedTableViewController.m */ = {isa = PBXFileReference; fileEncoding = 4; lastKnownFileType = sourcecode.c.objc; name = FetchedTableViewController.m; path = Controllers/FetchedTableViewController.m; sourceTree = "<group>"; };
		84EC4CFA1C1F29C300860DF9 /* CoreDataExample 2.xcdatamodel */ = {isa = PBXFileReference; lastKnownFileType = wrapper.xcdatamodel; path = "CoreDataExample 2.xcdatamodel"; sourceTree = "<group>"; };
		84EC4D0B1C1F2B1500860DF9 /* City+CoreDataProperties.h */ = {isa = PBXFileReference; fileEncoding = 4; lastKnownFileType = sourcecode.c.h; path = "City+CoreDataProperties.h"; sourceTree = "<group>"; };
		84EC4D0C1C1F2B1500860DF9 /* City+CoreDataProperties.m */ = {isa = PBXFileReference; fileEncoding = 4; lastKnownFileType = sourcecode.c.objc; path = "City+CoreDataProperties.m"; sourceTree = "<group>"; };
		84EC4D0D1C1F2B1500860DF9 /* City.h */ = {isa = PBXFileReference; fileEncoding = 4; lastKnownFileType = sourcecode.c.h; path = City.h; sourceTree = "<group>"; };
		84EC4D0E1C1F2B1500860DF9 /* City.m */ = {isa = PBXFileReference; fileEncoding = 4; lastKnownFileType = sourcecode.c.objc; path = City.m; sourceTree = "<group>"; };
		84EC4D141C1F309700860DF9 /* CountryAPI.h */ = {isa = PBXFileReference; fileEncoding = 4; lastKnownFileType = sourcecode.c.h; name = CountryAPI.h; path = API/CountryAPI.h; sourceTree = "<group>"; };
		84EC4D151C1F309700860DF9 /* CountryAPI.m */ = {isa = PBXFileReference; fileEncoding = 4; lastKnownFileType = sourcecode.c.objc; name = CountryAPI.m; path = API/CountryAPI.m; sourceTree = "<group>"; };
		84EC4D171C1F3FF800860DF9 /* Country+Mapping.h */ = {isa = PBXFileReference; fileEncoding = 4; lastKnownFileType = sourcecode.c.h; path = "Country+Mapping.h"; sourceTree = "<group>"; };
		84EC4D181C1F3FF800860DF9 /* Country+Mapping.m */ = {isa = PBXFileReference; fileEncoding = 4; lastKnownFileType = sourcecode.c.objc; path = "Country+Mapping.m"; sourceTree = "<group>"; };
/* End PBXFileReference section */

/* Begin PBXFrameworksBuildPhase section */
		8437AB411C1891F4008D6DD9 /* Frameworks */ = {
			isa = PBXFrameworksBuildPhase;
			buildActionMask = 2147483647;
			files = (
			);
			runOnlyForDeploymentPostprocessing = 0;
		};
/* End PBXFrameworksBuildPhase section */

/* Begin PBXGroup section */
		8437AB3B1C1891F4008D6DD9 = {
			isa = PBXGroup;
			children = (
				8437AB461C1891F4008D6DD9 /* CoreDataExample */,
				8437AB451C1891F4008D6DD9 /* Products */,
			);
			sourceTree = "<group>";
		};
		8437AB451C1891F4008D6DD9 /* Products */ = {
			isa = PBXGroup;
			children = (
				8437AB441C1891F4008D6DD9 /* CoreDataExample.app */,
			);
			name = Products;
			sourceTree = "<group>";
		};
		8437AB461C1891F4008D6DD9 /* CoreDataExample */ = {
			isa = PBXGroup;
			children = (
				84EC4D131C1F303F00860DF9 /* API */,
				8437AB7C1C19DF11008D6DD9 /* Core Data */,
				8437AB6F1C189A06008D6DD9 /* Cells */,
				8437AB6E1C1899FE008D6DD9 /* Controllers */,
				8437AB6D1C1895BE008D6DD9 /* Model */,
				8437AB501C1891F4008D6DD9 /* Main.storyboard */,
				8437AB561C1891F4008D6DD9 /* Assets.xcassets */,
				8437AB581C1891F4008D6DD9 /* LaunchScreen.storyboard */,
				8437AB5B1C1891F4008D6DD9 /* Info.plist */,
				8437AB471C1891F4008D6DD9 /* Supporting Files */,
			);
			path = CoreDataExample;
			sourceTree = "<group>";
		};
		8437AB471C1891F4008D6DD9 /* Supporting Files */ = {
			isa = PBXGroup;
			children = (
				8437AB4A1C1891F4008D6DD9 /* AppDelegate.h */,
				8437AB4B1C1891F4008D6DD9 /* AppDelegate.m */,
				8437AB481C1891F4008D6DD9 /* main.m */,
			);
			name = "Supporting Files";
			sourceTree = "<group>";
		};
		8437AB6D1C1895BE008D6DD9 /* Model */ = {
			isa = PBXGroup;
			children = (
				8400125C1C21DC3E00D29D63 /* Country+CoreDataProperties.h */,
				8400125D1C21DC3E00D29D63 /* Country+CoreDataProperties.m */,
				8400125E1C21DC3E00D29D63 /* Country.h */,
				8400125F1C21DC3E00D29D63 /* Country.m */,
				840012421C21D6FD00D29D63 /* Region+CoreDataProperties.h */,
				840012431C21D6FD00D29D63 /* Region+CoreDataProperties.m */,
				840012441C21D6FD00D29D63 /* Region.h */,
				840012451C21D6FD00D29D63 /* Region.m */,
				8400123B1C21D1B900D29D63 /* MigationCountry2ToCountry3.h */,
				8400123C1C21D1B900D29D63 /* MigationCountry2ToCountry3.m */,
				84EC4D0B1C1F2B1500860DF9 /* City+CoreDataProperties.h */,
				84EC4D0C1C1F2B1500860DF9 /* City+CoreDataProperties.m */,
				84EC4D0D1C1F2B1500860DF9 /* City.h */,
				84EC4D0E1C1F2B1500860DF9 /* City.m */,
				840012391C21D08900D29D63 /* Model2To3.xcmappingmodel */,
				8437AB531C1891F4008D6DD9 /* CoreDataExample.xcdatamodeld */,
				84EC4D171C1F3FF800860DF9 /* Country+Mapping.h */,
				84EC4D181C1F3FF800860DF9 /* Country+Mapping.m */,
				84062F401C28687A0064529C /* Country+Annotation.h */,
				84062F411C28687A0064529C /* Country+Annotation.m */,
			);
			name = Model;
			path = Models;
			sourceTree = "<group>";
		};
		8437AB6E1C1899FE008D6DD9 /* Controllers */ = {
			isa = PBXGroup;
			children = (
				8437AB731C189ADB008D6DD9 /* CreateCountryController.h */,
				8437AB741C189ADB008D6DD9 /* CreateCountryController.m */,
				8437AB761C18A069008D6DD9 /* CountryListController.h */,
				8437AB771C18A069008D6DD9 /* CountryListController.m */,
				8437AB791C19DD16008D6DD9 /* CityListController.h */,
				8437AB7A1C19DD16008D6DD9 /* CityListController.m */,
				8437AB861C19F553008D6DD9 /* FetchedTableViewController.h */,
				8437AB871C19F553008D6DD9 /* FetchedTableViewController.m */,
				84062F3D1C2867F30064529C /* MapViewController.h */,
				84062F3E1C2867F30064529C /* MapViewController.m */,
				84062F431C286F120064529C /* CountryViewController.h */,
				84062F441C286F120064529C /* CountryViewController.m */,
				84062F461C28765B0064529C /* CountryMapViewController.h */,
				84062F471C28765B0064529C /* CountryMapViewController.m */,
			);
			name = Controllers;
			sourceTree = "<group>";
		};
		8437AB6F1C189A06008D6DD9 /* Cells */ = {
			isa = PBXGroup;
			children = (
				8437AB701C189A38008D6DD9 /* TextFieldCell.h */,
				8437AB711C189A38008D6DD9 /* TextFieldCell.m */,
			);
			name = Cells;
			sourceTree = "<group>";
		};
		8437AB7C1C19DF11008D6DD9 /* Core Data */ = {
			isa = PBXGroup;
			children = (
				8437AB7D1C19DF41008D6DD9 /* AppDelegate+CoreData.h */,
				8437AB7E1C19DF41008D6DD9 /* AppDelegate+CoreData.m */,
				8437AB801C19E418008D6DD9 /* NSManagedObjectContext+MainContext.h */,
				8437AB811C19E418008D6DD9 /* NSManagedObjectContext+MainContext.m */,
				8437AB831C19E560008D6DD9 /* NSManagedObject+CoreData.h */,
				8437AB841C19E560008D6DD9 /* NSManagedObject+CoreData.m */,
			);
			name = "Core Data";
			sourceTree = "<group>";
		};
		84EC4D131C1F303F00860DF9 /* API */ = {
			isa = PBXGroup;
			children = (
				84EC4D141C1F309700860DF9 /* CountryAPI.h */,
				84EC4D151C1F309700860DF9 /* CountryAPI.m */,
			);
			name = API;
			sourceTree = "<group>";
		};
/* End PBXGroup section */

/* Begin PBXNativeTarget section */
		8437AB431C1891F4008D6DD9 /* CoreDataExample */ = {
			isa = PBXNativeTarget;
			buildConfigurationList = 8437AB5E1C1891F4008D6DD9 /* Build configuration list for PBXNativeTarget "CoreDataExample" */;
			buildPhases = (
				8437AB401C1891F4008D6DD9 /* Sources */,
				8437AB411C1891F4008D6DD9 /* Frameworks */,
				8437AB421C1891F4008D6DD9 /* Resources */,
			);
			buildRules = (
			);
			dependencies = (
			);
			name = CoreDataExample;
			productName = CoreDataExample;
			productReference = 8437AB441C1891F4008D6DD9 /* CoreDataExample.app */;
			productType = "com.apple.product-type.application";
		};
/* End PBXNativeTarget section */

/* Begin PBXProject section */
		8437AB3C1C1891F4008D6DD9 /* Project object */ = {
			isa = PBXProject;
			attributes = {
				LastUpgradeCheck = 0700;
				ORGANIZATIONNAME = "Wire IT College";
				TargetAttributes = {
					8437AB431C1891F4008D6DD9 = {
						CreatedOnToolsVersion = 7.0.1;
					};
				};
			};
			buildConfigurationList = 8437AB3F1C1891F4008D6DD9 /* Build configuration list for PBXProject "CoreDataExample" */;
			compatibilityVersion = "Xcode 3.2";
			developmentRegion = English;
			hasScannedForEncodings = 0;
			knownRegions = (
				en,
				Base,
			);
			mainGroup = 8437AB3B1C1891F4008D6DD9;
			productRefGroup = 8437AB451C1891F4008D6DD9 /* Products */;
			projectDirPath = "";
			projectRoot = "";
			targets = (
				8437AB431C1891F4008D6DD9 /* CoreDataExample */,
			);
		};
/* End PBXProject section */

/* Begin PBXResourcesBuildPhase section */
		8437AB421C1891F4008D6DD9 /* Resources */ = {
			isa = PBXResourcesBuildPhase;
			buildActionMask = 2147483647;
			files = (
				8437AB5A1C1891F4008D6DD9 /* LaunchScreen.storyboard in Resources */,
				8437AB571C1891F4008D6DD9 /* Assets.xcassets in Resources */,
				8437AB521C1891F4008D6DD9 /* Main.storyboard in Resources */,
			);
			runOnlyForDeploymentPostprocessing = 0;
		};
/* End PBXResourcesBuildPhase section */

/* Begin PBXSourcesBuildPhase section */
		8437AB401C1891F4008D6DD9 /* Sources */ = {
			isa = PBXSourcesBuildPhase;
			buildActionMask = 2147483647;
			files = (
				840012491C21D6FD00D29D63 /* Region.m in Sources */,
				8437AB821C19E418008D6DD9 /* NSManagedObjectContext+MainContext.m in Sources */,
				8437AB781C18A069008D6DD9 /* CountryListController.m in Sources */,
				84EC4D191C1F3FF800860DF9 /* Country+Mapping.m in Sources */,
				84EC4D111C1F2B1500860DF9 /* City+CoreDataProperties.m in Sources */,
				84062F451C286F120064529C /* CountryViewController.m in Sources */,
				84EC4D161C1F309700860DF9 /* CountryAPI.m in Sources */,
				84EC4D121C1F2B1500860DF9 /* City.m in Sources */,
				840012611C21DC3E00D29D63 /* Country.m in Sources */,
				8400123D1C21D1B900D29D63 /* MigationCountry2ToCountry3.m in Sources */,
				8437AB7B1C19DD16008D6DD9 /* CityListController.m in Sources */,
				840012481C21D6FD00D29D63 /* Region+CoreDataProperties.m in Sources */,
				840012601C21DC3E00D29D63 /* Country+CoreDataProperties.m in Sources */,
				8437AB7F1C19DF41008D6DD9 /* AppDelegate+CoreData.m in Sources */,
				8437AB881C19F553008D6DD9 /* FetchedTableViewController.m in Sources */,
				8437AB751C189ADB008D6DD9 /* CreateCountryController.m in Sources */,
				84062F481C28765B0064529C /* CountryMapViewController.m in Sources */,
				8437AB721C189A38008D6DD9 /* TextFieldCell.m in Sources */,
				8437AB4C1C1891F4008D6DD9 /* AppDelegate.m in Sources */,
				8437AB491C1891F4008D6DD9 /* main.m in Sources */,
				84062F421C28687A0064529C /* Country+Annotation.m in Sources */,
				8437AB851C19E560008D6DD9 /* NSManagedObject+CoreData.m in Sources */,
				8437AB551C1891F4008D6DD9 /* CoreDataExample.xcdatamodeld in Sources */,
				8400123A1C21D08900D29D63 /* Model2To3.xcmappingmodel in Sources */,
				84062F3F1C2867F30064529C /* MapViewController.m in Sources */,
			);
			runOnlyForDeploymentPostprocessing = 0;
		};
/* End PBXSourcesBuildPhase section */

/* Begin PBXVariantGroup section */
		8437AB501C1891F4008D6DD9 /* Main.storyboard */ = {
			isa = PBXVariantGroup;
			children = (
				8437AB511C1891F4008D6DD9 /* Base */,
			);
			name = Main.storyboard;
			sourceTree = "<group>";
		};
		8437AB581C1891F4008D6DD9 /* LaunchScreen.storyboard */ = {
			isa = PBXVariantGroup;
			children = (
				8437AB591C1891F4008D6DD9 /* Base */,
			);
			name = LaunchScreen.storyboard;
			sourceTree = "<group>";
		};
/* End PBXVariantGroup section */

/* Begin XCBuildConfiguration section */
		8437AB5C1C1891F4008D6DD9 /* Debug */ = {
			isa = XCBuildConfiguration;
			buildSettings = {
				ALWAYS_SEARCH_USER_PATHS = NO;
				CLANG_CXX_LANGUAGE_STANDARD = "gnu++0x";
				CLANG_CXX_LIBRARY = "libc++";
				CLANG_ENABLE_MODULES = YES;
				CLANG_ENABLE_OBJC_ARC = YES;
				CLANG_WARN_BOOL_CONVERSION = YES;
				CLANG_WARN_CONSTANT_CONVERSION = YES;
				CLANG_WARN_DIRECT_OBJC_ISA_USAGE = YES_ERROR;
				CLANG_WARN_EMPTY_BODY = YES;
				CLANG_WARN_ENUM_CONVERSION = YES;
				CLANG_WARN_INT_CONVERSION = YES;
				CLANG_WARN_OBJC_ROOT_CLASS = YES_ERROR;
				CLANG_WARN_UNREACHABLE_CODE = YES;
				CLANG_WARN__DUPLICATE_METHOD_MATCH = YES;
				"CODE_SIGN_IDENTITY[sdk=iphoneos*]" = "iPhone Developer";
				COPY_PHASE_STRIP = NO;
				DEBUG_INFORMATION_FORMAT = dwarf;
				ENABLE_STRICT_OBJC_MSGSEND = YES;
				ENABLE_TESTABILITY = YES;
				GCC_C_LANGUAGE_STANDARD = gnu99;
				GCC_DYNAMIC_NO_PIC = NO;
				GCC_NO_COMMON_BLOCKS = YES;
				GCC_OPTIMIZATION_LEVEL = 0;
				GCC_PREPROCESSOR_DEFINITIONS = (
					"DEBUG=1",
					"$(inherited)",
				);
				GCC_WARN_64_TO_32_BIT_CONVERSION = YES;
				GCC_WARN_ABOUT_RETURN_TYPE = YES_ERROR;
				GCC_WARN_UNDECLARED_SELECTOR = YES;
				GCC_WARN_UNINITIALIZED_AUTOS = YES_AGGRESSIVE;
				GCC_WARN_UNUSED_FUNCTION = YES;
				GCC_WARN_UNUSED_VARIABLE = YES;
				IPHONEOS_DEPLOYMENT_TARGET = 9.0;
				MTL_ENABLE_DEBUG_INFO = YES;
				ONLY_ACTIVE_ARCH = YES;
				SDKROOT = iphoneos;
			};
			name = Debug;
		};
		8437AB5D1C1891F4008D6DD9 /* Release */ = {
			isa = XCBuildConfiguration;
			buildSettings = {
				ALWAYS_SEARCH_USER_PATHS = NO;
				CLANG_CXX_LANGUAGE_STANDARD = "gnu++0x";
				CLANG_CXX_LIBRARY = "libc++";
				CLANG_ENABLE_MODULES = YES;
				CLANG_ENABLE_OBJC_ARC = YES;
				CLANG_WARN_BOOL_CONVERSION = YES;
				CLANG_WARN_CONSTANT_CONVERSION = YES;
				CLANG_WARN_DIRECT_OBJC_ISA_USAGE = YES_ERROR;
				CLANG_WARN_EMPTY_BODY = YES;
				CLANG_WARN_ENUM_CONVERSION = YES;
				CLANG_WARN_INT_CONVERSION = YES;
				CLANG_WARN_OBJC_ROOT_CLASS = YES_ERROR;
				CLANG_WARN_UNREACHABLE_CODE = YES;
				CLANG_WARN__DUPLICATE_METHOD_MATCH = YES;
				"CODE_SIGN_IDENTITY[sdk=iphoneos*]" = "iPhone Developer";
				COPY_PHASE_STRIP = NO;
				DEBUG_INFORMATION_FORMAT = "dwarf-with-dsym";
				ENABLE_NS_ASSERTIONS = NO;
				ENABLE_STRICT_OBJC_MSGSEND = YES;
				GCC_C_LANGUAGE_STANDARD = gnu99;
				GCC_NO_COMMON_BLOCKS = YES;
				GCC_WARN_64_TO_32_BIT_CONVERSION = YES;
				GCC_WARN_ABOUT_RETURN_TYPE = YES_ERROR;
				GCC_WARN_UNDECLARED_SELECTOR = YES;
				GCC_WARN_UNINITIALIZED_AUTOS = YES_AGGRESSIVE;
				GCC_WARN_UNUSED_FUNCTION = YES;
				GCC_WARN_UNUSED_VARIABLE = YES;
				IPHONEOS_DEPLOYMENT_TARGET = 9.0;
				MTL_ENABLE_DEBUG_INFO = NO;
				SDKROOT = iphoneos;
				VALIDATE_PRODUCT = YES;
			};
			name = Release;
		};
		8437AB5F1C1891F4008D6DD9 /* Debug */ = {
			isa = XCBuildConfiguration;
			buildSettings = {
				ASSETCATALOG_COMPILER_APPICON_NAME = AppIcon;
				INFOPLIST_FILE = CoreDataExample/Info.plist;
				LD_RUNPATH_SEARCH_PATHS = "$(inherited) @executable_path/Frameworks";
				PRODUCT_BUNDLE_IDENTIFIER = wire.edu.CoreDataExample;
				PRODUCT_NAME = "$(TARGET_NAME)";
			};
			name = Debug;
		};
		8437AB601C1891F4008D6DD9 /* Release */ = {
			isa = XCBuildConfiguration;
			buildSettings = {
				ASSETCATALOG_COMPILER_APPICON_NAME = AppIcon;
				INFOPLIST_FILE = CoreDataExample/Info.plist;
				LD_RUNPATH_SEARCH_PATHS = "$(inherited) @executable_path/Frameworks";
				PRODUCT_BUNDLE_IDENTIFIER = wire.edu.CoreDataExample;
				PRODUCT_NAME = "$(TARGET_NAME)";
			};
			name = Release;
		};
/* End XCBuildConfiguration section */

/* Begin XCConfigurationList section */
		8437AB3F1C1891F4008D6DD9 /* Build configuration list for PBXProject "CoreDataExample" */ = {
			isa = XCConfigurationList;
			buildConfigurations = (
				8437AB5C1C1891F4008D6DD9 /* Debug */,
				8437AB5D1C1891F4008D6DD9 /* Release */,
			);
			defaultConfigurationIsVisible = 0;
			defaultConfigurationName = Release;
		};
		8437AB5E1C1891F4008D6DD9 /* Build configuration list for PBXNativeTarget "CoreDataExample" */ = {
			isa = XCConfigurationList;
			buildConfigurations = (
				8437AB5F1C1891F4008D6DD9 /* Debug */,
				8437AB601C1891F4008D6DD9 /* Release */,
			);
			defaultConfigurationIsVisible = 0;
			defaultConfigurationName = Release;
		};
/* End XCConfigurationList section */

/* Begin XCVersionGroup section */
		8437AB531C1891F4008D6DD9 /* CoreDataExample.xcdatamodeld */ = {
			isa = XCVersionGroup;
			children = (
				840012381C21CF9400D29D63 /* CoreDataExample 3.xcdatamodel */,
				84EC4CFA1C1F29C300860DF9 /* CoreDataExample 2.xcdatamodel */,
				8437AB541C1891F4008D6DD9 /* CoreDataExample.xcdatamodel */,
			);
			currentVersion = 840012381C21CF9400D29D63 /* CoreDataExample 3.xcdatamodel */;
			name = CoreDataExample.xcdatamodeld;
			path = ../CoreDataExample.xcdatamodeld;
			sourceTree = "<group>";
			versionGroupType = wrapper.xcdatamodel;
		};
/* End XCVersionGroup section */
	};
	rootObject = 8437AB3C1C1891F4008D6DD9 /* Project object */;
}
